
Microsoft Visual Studio Solution File, Format Version 12.00
# Visual Studio 15
VisualStudioVersion = 15.0.34031.82
MinimumVisualStudioVersion = 10.0.40219.1
Project("{FAE04EC0-301F-11D3-BF4B-00C04F79EFBC}") = "Calendario", "Calendario\Calendario.csproj", "{3B0B6C6C-C24F-429D-920B-83A1935802DD}"
EndProject
Global
	GlobalSection(SolutionConfigurationPlatforms) = preSolution
		Debug|Any CPU = Debug|Any CPU
		Release|Any CPU = Release|Any CPU
	EndGlobalSection
	GlobalSection(ProjectConfigurationPlatforms) = postSolution
		{3B0B6C6C-C24F-429D-920B-83A1935802DD}.Debug|Any CPU.ActiveCfg = Debug|Any CPU
		{3B0B6C6C-C24F-429D-920B-83A1935802DD}.Debug|Any CPU.Build.0 = Debug|Any CPU
		{3B0B6C6C-C24F-429D-920B-83A1935802DD}.Release|Any CPU.ActiveCfg = Release|Any CPU
		{3B0B6C6C-C24F-429D-920B-83A1935802DD}.Release|Any CPU.Build.0 = Release|Any CPU
	EndGlobalSection
	GlobalSection(SolutionProperties) = preSolution
		HideSolutionNode = FALSE
	EndGlobalSection
	GlobalSection(ExtensibilityGlobals) = postSolution
		SolutionGuid = {5AB7B5A0-4CF0-4D8D-8D72-EE9B429643CC}
	EndGlobalSection
EndGlobal
