
Microsoft Visual Studio Solution File, Format Version 12.00
# Visual Studio 15
VisualStudioVersion = 15.0.34031.82
MinimumVisualStudioVersion = 10.0.40219.1
Project("{FAE04EC0-301F-11D3-BF4B-00C04F79EFBC}") = "NumeroPar", "NumeroPar\NumeroPar.csproj", "{CCE07ECD-D179-4D9E-A164-697F90CFDC43}"
EndProject
Global
	GlobalSection(SolutionConfigurationPlatforms) = preSolution
		Debug|Any CPU = Debug|Any CPU
		Release|Any CPU = Release|Any CPU
	EndGlobalSection
	GlobalSection(ProjectConfigurationPlatforms) = postSolution
		{CCE07ECD-D179-4D9E-A164-697F90CFDC43}.Debug|Any CPU.ActiveCfg = Debug|Any CPU
		{CCE07ECD-D179-4D9E-A164-697F90CFDC43}.Debug|Any CPU.Build.0 = Debug|Any CPU
		{CCE07ECD-D179-4D9E-A164-697F90CFDC43}.Release|Any CPU.ActiveCfg = Release|Any CPU
		{CCE07ECD-D179-4D9E-A164-697F90CFDC43}.Release|Any CPU.Build.0 = Release|Any CPU
	EndGlobalSection
	GlobalSection(SolutionProperties) = preSolution
		HideSolutionNode = FALSE
	EndGlobalSection
	GlobalSection(ExtensibilityGlobals) = postSolution
		SolutionGuid = {8719F133-6CE4-4C41-A3CA-7C5C125C9BBC}
	EndGlobalSection
EndGlobal
